
Microsoft Visual Studio Solution File, Format Version 12.00
# Visual Studio Version 17
VisualStudioVersion = 17.14.37027.9 d17.14
MinimumVisualStudioVersion = 10.0.40219.1
Project("{FAE04EC0-301F-11D3-BF4B-00C04F79EFBC}") = "MarsRover", "MarsRover.csproj", "{F2416DFA-CCF5-4E94-9C66-3410599628DF}"
EndProject
Project("{FAE04EC0-301F-11D3-BF4B-00C04F79EFBC}") = "MarsRover.Tests", "..\MarsRover.Tests\MarsRover.Tests.csproj", "{5E58FC8A-CB66-4224-982C-885ED3CE1078}"
EndProject
Global
	GlobalSection(SolutionConfigurationPlatforms) = preSolution
		Debug|Any CPU = Debug|Any CPU
		Release|Any CPU = Release|Any CPU
	EndGlobalSection
	GlobalSection(ProjectConfigurationPlatforms) = postSolution
		{F2416DFA-CCF5-4E94-9C66-3410599628DF}.Debug|Any CPU.ActiveCfg = Debug|Any CPU
		{F2416DFA-CCF5-4E94-9C66-3410599628DF}.Debug|Any CPU.Build.0 = Debug|Any CPU
		{F2416DFA-CCF5-4E94-9C66-3410599628DF}.Release|Any CPU.ActiveCfg = Release|Any CPU
		{F2416DFA-CCF5-4E94-9C66-3410599628DF}.Release|Any CPU.Build.0 = Release|Any CPU
		{5E58FC8A-CB66-4224-982C-885ED3CE1078}.Debug|Any CPU.ActiveCfg = Debug|Any CPU
		{5E58FC8A-CB66-4224-982C-885ED3CE1078}.Debug|Any CPU.Build.0 = Debug|Any CPU
		{5E58FC8A-CB66-4224-982C-885ED3CE1078}.Release|Any CPU.ActiveCfg = Release|Any CPU
		{5E58FC8A-CB66-4224-982C-885ED3CE1078}.Release|Any CPU.Build.0 = Release|Any CPU
	EndGlobalSection
	GlobalSection(SolutionProperties) = preSolution
		HideSolutionNode = FALSE
	EndGlobalSection
	GlobalSection(ExtensibilityGlobals) = postSolution
		SolutionGuid = {B4B50085-5193-4DD8-901F-446FE7507C13}
	EndGlobalSection
EndGlobal
